
Microsoft Visual Studio Solution File, Format Version 12.00
# Visual Studio Version 16
VisualStudioVersion = 16.0.31702.278
MinimumVisualStudioVersion = 10.0.40219.1
Project("{FAE04EC0-301F-11D3-BF4B-00C04F79EFBC}") = "Sudoku", "Sudoku\Sudoku.csproj", "{257577D5-9FF2-4AB9-B43A-F80E9BB1FFEC}"
EndProject
Project("{FAE04EC0-301F-11D3-BF4B-00C04F79EFBC}") = "SudokuSolverTest", "SudokuSolverTest\SudokuSolverTest.csproj", "{17F9B19D-FB21-473F-9BE5-745F31A274B1}"
EndProject
Global
	GlobalSection(SolutionConfigurationPlatforms) = preSolution
		Debug|Any CPU = Debug|Any CPU
		Release|Any CPU = Release|Any CPU
	EndGlobalSection
	GlobalSection(ProjectConfigurationPlatforms) = postSolution
		{257577D5-9FF2-4AB9-B43A-F80E9BB1FFEC}.Debug|Any CPU.ActiveCfg = Debug|Any CPU
		{257577D5-9FF2-4AB9-B43A-F80E9BB1FFEC}.Debug|Any CPU.Build.0 = Debug|Any CPU
		{257577D5-9FF2-4AB9-B43A-F80E9BB1FFEC}.Release|Any CPU.ActiveCfg = Release|Any CPU
		{257577D5-9FF2-4AB9-B43A-F80E9BB1FFEC}.Release|Any CPU.Build.0 = Release|Any CPU
		{17F9B19D-FB21-473F-9BE5-745F31A274B1}.Debug|Any CPU.ActiveCfg = Debug|Any CPU
		{17F9B19D-FB21-473F-9BE5-745F31A274B1}.Debug|Any CPU.Build.0 = Debug|Any CPU
		{17F9B19D-FB21-473F-9BE5-745F31A274B1}.Release|Any CPU.ActiveCfg = Release|Any CPU
		{17F9B19D-FB21-473F-9BE5-745F31A274B1}.Release|Any CPU.Build.0 = Release|Any CPU
	EndGlobalSection
	GlobalSection(SolutionProperties) = preSolution
		HideSolutionNode = FALSE
	EndGlobalSection
	GlobalSection(ExtensibilityGlobals) = postSolution
		SolutionGuid = {2CE37E32-2A5F-4D5C-B406-3A3207AB2169}
	EndGlobalSection
EndGlobal
